// !$*UTF8*$!
{
	archiveVersion = 1;
	classes = {
	};
	objectVersion = 48;
	objects = {

/* Begin PBXBuildFile section */
		222D3A62202175C10015D098 /* AppDelegate.m in Sources */ = {isa = PBXBuildFile; fileRef = 222D3A61202175C10015D098 /* AppDelegate.m */; };
		222D3A65202175C10015D098 /* ViewController.m in Sources */ = {isa = PBXBuildFile; fileRef = 222D3A64202175C10015D098 /* ViewController.m */; };
		222D3A6A202175C10015D098 /* Assets.xcassets in Resources */ = {isa = PBXBuildFile; fileRef = 222D3A69202175C10015D098 /* Assets.xcassets */; };
		222D3A6D202175C10015D098 /* LaunchScreen.storyboard in Resources */ = {isa = PBXBuildFile; fileRef = 222D3A6B202175C10015D098 /* LaunchScreen.storyboard */; };
		222D3A70202175C10015D098 /* main.m in Sources */ = {isa = PBXBuildFile; fileRef = 222D3A6F202175C10015D098 /* main.m */; };
		222D3A79202187FA0015D098 /* TONavigationBar.m in Sources */ = {isa = PBXBuildFile; fileRef = 222D3A78202187FA0015D098 /* TONavigationBar.m */; };
		222D3A7C20218D540015D098 /* SubViewController.m in Sources */ = {isa = PBXBuildFile; fileRef = 222D3A7B20218D540015D098 /* SubViewController.m */; };
		223F5CF9293635F400EEF45E /* README.md in Resources */ = {isa = PBXBuildFile; fileRef = 223F5CF8293635F400EEF45E /* README.md */; };
		2281FE4C202E071300D47FE2 /* TOHeaderImageView.m in Sources */ = {isa = PBXBuildFile; fileRef = 2281FE4B202E071300D47FE2 /* TOHeaderImageView.m */; };
		22AAB34A202E984E00B9B39D /* OK.jpg in Resources */ = {isa = PBXBuildFile; fileRef = 22AAB349202E984E00B9B39D /* OK.jpg */; };
		22AAB34C202EE43200B9B39D /* Firewatch.jpg in Resources */ = {isa = PBXBuildFile; fileRef = 22AAB34B202EE43100B9B39D /* Firewatch.jpg */; };
/* End PBXBuildFile section */

/* Begin PBXFileReference section */
		222D3A5D202175C10015D098 /* TONavigationBarExample.app */ = {isa = PBXFileReference; explicitFileType = wrapper.application; includeInIndex = 0; path = TONavigationBarExample.app; sourceTree = BUILT_PRODUCTS_DIR; };
		222D3A60202175C10015D098 /* AppDelegate.h */ = {isa = PBXFileReference; lastKnownFileType = sourcecode.c.h; path = AppDelegate.h; sourceTree = "<group>"; };
		222D3A61202175C10015D098 /* AppDelegate.m */ = {isa = PBXFileReference; lastKnownFileType = sourcecode.c.objc; path = AppDelegate.m; sourceTree = "<group>"; };
		222D3A63202175C10015D098 /* ViewController.h */ = {isa = PBXFileReference; lastKnownFileType = sourcecode.c.h; path = ViewController.h; sourceTree = "<group>"; };
		222D3A64202175C10015D098 /* ViewController.m */ = {isa = PBXFileReference; lastKnownFileType = sourcecode.c.objc; path = ViewController.m; sourceTree = "<group>"; };
		222D3A69202175C10015D098 /* Assets.xcassets */ = {isa = PBXFileReference; lastKnownFileType = folder.assetcatalog; path = Assets.xcassets; sourceTree = "<group>"; };
		222D3A6C202175C10015D098 /* Base */ = {isa = PBXFileReference; lastKnownFileType = file.storyboard; name = Base; path = Base.lproj/LaunchScreen.storyboard; sourceTree = "<group>"; };
		222D3A6E202175C10015D098 /* Info.plist */ = {isa = PBXFileReference; lastKnownFileType = text.plist.xml; path = Info.plist; sourceTree = "<group>"; };
		222D3A6F202175C10015D098 /* main.m */ = {isa = PBXFileReference; lastKnownFileType = sourcecode.c.objc; path = main.m; sourceTree = "<group>"; };
		222D3A77202187FA0015D098 /* TONavigationBar.h */ = {isa = PBXFileReference; lastKnownFileType = sourcecode.c.h; path = TONavigationBar.h; sourceTree = "<group>"; };
		222D3A78202187FA0015D098 /* TONavigationBar.m */ = {isa = PBXFileReference; lastKnownFileType = sourcecode.c.objc; path = TONavigationBar.m; sourceTree = "<group>"; };
		222D3A7A20218D540015D098 /* SubViewController.h */ = {isa = PBXFileReference; lastKnownFileType = sourcecode.c.h; path = SubViewController.h; sourceTree = "<group>"; };
		222D3A7B20218D540015D098 /* SubViewController.m */ = {isa = PBXFileReference; lastKnownFileType = sourcecode.c.objc; path = SubViewController.m; sourceTree = "<group>"; };
		223F5CF8293635F400EEF45E /* README.md */ = {isa = PBXFileReference; fileEncoding = 4; lastKnownFileType = net.daringfireball.markdown; path = README.md; sourceTree = "<group>"; };
		2281FE4A202E071300D47FE2 /* TOHeaderImageView.h */ = {isa = PBXFileReference; lastKnownFileType = sourcecode.c.h; path = TOHeaderImageView.h; sourceTree = "<group>"; };
		2281FE4B202E071300D47FE2 /* TOHeaderImageView.m */ = {isa = PBXFileReference; lastKnownFileType = sourcecode.c.objc; path = TOHeaderImageView.m; sourceTree = "<group>"; };
		22AAB349202E984E00B9B39D /* OK.jpg */ = {isa = PBXFileReference; lastKnownFileType = image.jpeg; path = OK.jpg; sourceTree = "<group>"; };
		22AAB34B202EE43100B9B39D /* Firewatch.jpg */ = {isa = PBXFileReference; lastKnownFileType = image.jpeg; path = Firewatch.jpg; sourceTree = "<group>"; };
/* End PBXFileReference section */

/* Begin PBXFrameworksBuildPhase section */
		222D3A5A202175C10015D098 /* Frameworks */ = {
			isa = PBXFrameworksBuildPhase;
			buildActionMask = 2147483647;
			files = (
			);
			runOnlyForDeploymentPostprocessing = 0;
		};
/* End PBXFrameworksBuildPhase section */

/* Begin PBXGroup section */
		222D3A54202175C10015D098 = {
			isa = PBXGroup;
			children = (
				223F5CF8293635F400EEF45E /* README.md */,
				222D3A76202187D80015D098 /* TONavigationBar */,
				222D3A5F202175C10015D098 /* TONavigationBarExample */,
				222D3A5E202175C10015D098 /* Products */,
			);
			sourceTree = "<group>";
		};
		222D3A5E202175C10015D098 /* Products */ = {
			isa = PBXGroup;
			children = (
				222D3A5D202175C10015D098 /* TONavigationBarExample.app */,
			);
			name = Products;
			sourceTree = "<group>";
		};
		222D3A5F202175C10015D098 /* TONavigationBarExample */ = {
			isa = PBXGroup;
			children = (
				22AAB34B202EE43100B9B39D /* Firewatch.jpg */,
				22AAB349202E984E00B9B39D /* OK.jpg */,
				222D3A60202175C10015D098 /* AppDelegate.h */,
				222D3A61202175C10015D098 /* AppDelegate.m */,
				222D3A63202175C10015D098 /* ViewController.h */,
				222D3A64202175C10015D098 /* ViewController.m */,
				222D3A7A20218D540015D098 /* SubViewController.h */,
				222D3A7B20218D540015D098 /* SubViewController.m */,
				222D3A69202175C10015D098 /* Assets.xcassets */,
				222D3A6B202175C10015D098 /* LaunchScreen.storyboard */,
				222D3A6E202175C10015D098 /* Info.plist */,
				222D3A6F202175C10015D098 /* main.m */,
			);
			path = TONavigationBarExample;
			sourceTree = "<group>";
		};
		222D3A76202187D80015D098 /* TONavigationBar */ = {
			isa = PBXGroup;
			children = (
				222D3A77202187FA0015D098 /* TONavigationBar.h */,
				222D3A78202187FA0015D098 /* TONavigationBar.m */,
				2281FE4A202E071300D47FE2 /* TOHeaderImageView.h */,
				2281FE4B202E071300D47FE2 /* TOHeaderImageView.m */,
			);
			path = TONavigationBar;
			sourceTree = "<group>";
		};
/* End PBXGroup section */

/* Begin PBXNativeTarget section */
		222D3A5C202175C10015D098 /* TONavigationBarExample */ = {
			isa = PBXNativeTarget;
			buildConfigurationList = 222D3A73202175C10015D098 /* Build configuration list for PBXNativeTarget "TONavigationBarExample" */;
			buildPhases = (
				222D3A59202175C10015D098 /* Sources */,
				222D3A5A202175C10015D098 /* Frameworks */,
				222D3A5B202175C10015D098 /* Resources */,
			);
			buildRules = (
			);
			dependencies = (
			);
			name = TONavigationBarExample;
			productName = TONavigationBarExample;
			productReference = 222D3A5D202175C10015D098 /* TONavigationBarExample.app */;
			productType = "com.apple.product-type.application";
		};
/* End PBXNativeTarget section */

/* Begin PBXProject section */
		222D3A55202175C10015D098 /* Project object */ = {
			isa = PBXProject;
			attributes = {
				LastUpgradeCheck = 1410;
				ORGANIZATIONNAME = "Tim Oliver";
				TargetAttributes = {
					222D3A5C202175C10015D098 = {
						CreatedOnToolsVersion = 9.2;
						ProvisioningStyle = Automatic;
					};
				};
			};
			buildConfigurationList = 222D3A58202175C10015D098 /* Build configuration list for PBXProject "TONavigationBarExample" */;
			compatibilityVersion = "Xcode 8.0";
			developmentRegion = en;
			hasScannedForEncodings = 0;
			knownRegions = (
				en,
				Base,
			);
			mainGroup = 222D3A54202175C10015D098;
			productRefGroup = 222D3A5E202175C10015D098 /* Products */;
			projectDirPath = "";
			projectRoot = "";
			targets = (
				222D3A5C202175C10015D098 /* TONavigationBarExample */,
			);
		};
/* End PBXProject section */

/* Begin PBXResourcesBuildPhase section */
		222D3A5B202175C10015D098 /* Resources */ = {
			isa = PBXResourcesBuildPhase;
			buildActionMask = 2147483647;
			files = (
				222D3A6D202175C10015D098 /* LaunchScreen.storyboard in Resources */,
				22AAB34C202EE43200B9B39D /* Firewatch.jpg in Resources */,
				223F5CF9293635F400EEF45E /* README.md in Resources */,
				222D3A6A202175C10015D098 /* Assets.xcassets in Resources */,
				22AAB34A202E984E00B9B39D /* OK.jpg in Resources */,
			);
			runOnlyForDeploymentPostprocessing = 0;
		};
/* End PBXResourcesBuildPhase section */

/* Begin PBXSourcesBuildPhase section */
		222D3A59202175C10015D098 /* Sources */ = {
			isa = PBXSourcesBuildPhase;
			buildActionMask = 2147483647;
			files = (
				222D3A7C20218D540015D098 /* SubViewController.m in Sources */,
				222D3A79202187FA0015D098 /* TONavigationBar.m in Sources */,
				222D3A65202175C10015D098 /* ViewController.m in Sources */,
				222D3A70202175C10015D098 /* main.m in Sources */,
				2281FE4C202E071300D47FE2 /* TOHeaderImageView.m in Sources */,
				222D3A62202175C10015D098 /* AppDelegate.m in Sources */,
			);
			runOnlyForDeploymentPostprocessing = 0;
		};
/* End PBXSourcesBuildPhase section */

/* Begin PBXVariantGroup section */
		222D3A6B202175C10015D098 /* LaunchScreen.storyboard */ = {
			isa = PBXVariantGroup;
			children = (
				222D3A6C202175C10015D098 /* Base */,
			);
			name = LaunchScreen.storyboard;
			sourceTree = "<group>";
		};
/* End PBXVariantGroup section */

/* Begin XCBuildConfiguration section */
		222D3A71202175C10015D098 /* Debug */ = {
			isa = XCBuildConfiguration;
			buildSettings = {
				ALWAYS_SEARCH_USER_PATHS = NO;
				CLANG_ANALYZER_NONNULL = YES;
				CLANG_ANALYZER_NUMBER_OBJECT_CONVERSION = YES_AGGRESSIVE;
				CLANG_CXX_LANGUAGE_STANDARD = "gnu++14";
				CLANG_CXX_LIBRARY = "libc++";
				CLANG_ENABLE_MODULES = YES;
				CLANG_ENABLE_OBJC_ARC = YES;
				CLANG_WARN_BLOCK_CAPTURE_AUTORELEASING = YES;
				CLANG_WARN_BOOL_CONVERSION = YES;
				CLANG_WARN_COMMA = YES;
				CLANG_WARN_CONSTANT_CONVERSION = YES;
				CLANG_WARN_DEPRECATED_OBJC_IMPLEMENTATIONS = YES;
				CLANG_WARN_DIRECT_OBJC_ISA_USAGE = YES_ERROR;
				CLANG_WARN_DOCUMENTATION_COMMENTS = YES;
				CLANG_WARN_EMPTY_BODY = YES;
				CLANG_WARN_ENUM_CONVERSION = YES;
				CLANG_WARN_INFINITE_RECURSION = YES;
				CLANG_WARN_INT_CONVERSION = YES;
				CLANG_WARN_NON_LITERAL_NULL_CONVERSION = YES;
				CLANG_WARN_OBJC_IMPLICIT_RETAIN_SELF = YES;
				CLANG_WARN_OBJC_LITERAL_CONVERSION = YES;
				CLANG_WARN_OBJC_ROOT_CLASS = YES_ERROR;
				CLANG_WARN_QUOTED_INCLUDE_IN_FRAMEWORK_HEADER = YES;
				CLANG_WARN_RANGE_LOOP_ANALYSIS = YES;
				CLANG_WARN_STRICT_PROTOTYPES = YES;
				CLANG_WARN_SUSPICIOUS_MOVE = YES;
				CLANG_WARN_UNGUARDED_AVAILABILITY = YES_AGGRESSIVE;
				CLANG_WARN_UNREACHABLE_CODE = YES;
				CLANG_WARN__DUPLICATE_METHOD_MATCH = YES;
				CODE_SIGN_IDENTITY = "iPhone Developer";
				COPY_PHASE_STRIP = NO;
				DEBUG_INFORMATION_FORMAT = dwarf;
				ENABLE_STRICT_OBJC_MSGSEND = YES;
				ENABLE_TESTABILITY = YES;
				GCC_C_LANGUAGE_STANDARD = gnu11;
				GCC_DYNAMIC_NO_PIC = NO;
				GCC_NO_COMMON_BLOCKS = YES;
				GCC_OPTIMIZATION_LEVEL = 0;
				GCC_PREPROCESSOR_DEFINITIONS = (
					"DEBUG=1",
					"$(inherited)",
				);
				GCC_WARN_64_TO_32_BIT_CONVERSION = YES;
				GCC_WARN_ABOUT_RETURN_TYPE = YES_ERROR;
				GCC_WARN_UNDECLARED_SELECTOR = YES;
				GCC_WARN_UNINITIALIZED_AUTOS = YES_AGGRESSIVE;
				GCC_WARN_UNUSED_FUNCTION = YES;
				GCC_WARN_UNUSED_VARIABLE = YES;
				IPHONEOS_DEPLOYMENT_TARGET = 12.0;
				MTL_ENABLE_DEBUG_INFO = YES;
				ONLY_ACTIVE_ARCH = YES;
				SDKROOT = iphoneos;
			};
			name = Debug;
		};
		222D3A72202175C10015D098 /* Release */ = {
			isa = XCBuildConfiguration;
			buildSettings = {
				ALWAYS_SEARCH_USER_PATHS = NO;
				CLANG_ANALYZER_NONNULL = YES;
				CLANG_ANALYZER_NUMBER_OBJECT_CONVERSION = YES_AGGRESSIVE;
				CLANG_CXX_LANGUAGE_STANDARD = "gnu++14";
				CLANG_CXX_LIBRARY = "libc++";
				CLANG_ENABLE_MODULES = YES;
				CLANG_ENABLE_OBJC_ARC = YES;
				CLANG_WARN_BLOCK_CAPTURE_AUTORELEASING = YES;
				CLANG_WARN_BOOL_CONVERSION = YES;
				CLANG_WARN_COMMA = YES;
				CLANG_WARN_CONSTANT_CONVERSION = YES;
				CLANG_WARN_DEPRECATED_OBJC_IMPLEMENTATIONS = YES;
				CLANG_WARN_DIRECT_OBJC_ISA_USAGE = YES_ERROR;
				CLANG_WARN_DOCUMENTATION_COMMENTS = YES;
				CLANG_WARN_EMPTY_BODY = YES;
				CLANG_WARN_ENUM_CONVERSION = YES;
				CLANG_WARN_INFINITE_RECURSION = YES;
				CLANG_WARN_INT_CONVERSION = YES;
				CLANG_WARN_NON_LITERAL_NULL_CONVERSION = YES;
				CLANG_WARN_OBJC_IMPLICIT_RETAIN_SELF = YES;
				CLANG_WARN_OBJC_LITERAL_CONVERSION = YES;
				CLANG_WARN_OBJC_ROOT_CLASS = YES_ERROR;
				CLANG_WARN_QUOTED_INCLUDE_IN_FRAMEWORK_HEADER = YES;
				CLANG_WARN_RANGE_LOOP_ANALYSIS = YES;
				CLANG_WARN_STRICT_PROTOTYPES = YES;
				CLANG_WARN_SUSPICIOUS_MOVE = YES;
				CLANG_WARN_UNGUARDED_AVAILABILITY = YES_AGGRESSIVE;
				CLANG_WARN_UNREACHABLE_CODE = YES;
				CLANG_WARN__DUPLICATE_METHOD_MATCH = YES;
				CODE_SIGN_IDENTITY = "iPhone Developer";
				COPY_PHASE_STRIP = NO;
				DEBUG_INFORMATION_FORMAT = "dwarf-with-dsym";
				ENABLE_NS_ASSERTIONS = NO;
				ENABLE_STRICT_OBJC_MSGSEND = YES;
				GCC_C_LANGUAGE_STANDARD = gnu11;
				GCC_NO_COMMON_BLOCKS = YES;
				GCC_WARN_64_TO_32_BIT_CONVERSION = YES;
				GCC_WARN_ABOUT_RETURN_TYPE = YES_ERROR;
				GCC_WARN_UNDECLARED_SELECTOR = YES;
				GCC_WARN_UNINITIALIZED_AUTOS = YES_AGGRESSIVE;
				GCC_WARN_UNUSED_FUNCTION = YES;
				GCC_WARN_UNUSED_VARIABLE = YES;
				IPHONEOS_DEPLOYMENT_TARGET = 12.0;
				MTL_ENABLE_DEBUG_INFO = NO;
				SDKROOT = iphoneos;
				VALIDATE_PRODUCT = YES;
			};
			name = Release;
		};
		222D3A74202175C10015D098 /* Debug */ = {
			isa = XCBuildConfiguration;
			buildSettings = {
				ASSETCATALOG_COMPILER_APPICON_NAME = AppIcon;
				CODE_SIGN_STYLE = Automatic;
				DEVELOPMENT_TEAM = 6LF3GMKZAB;
				INFOPLIST_FILE = TONavigationBarExample/Info.plist;
				IPHONEOS_DEPLOYMENT_TARGET = 12.0;
				LD_RUNPATH_SEARCH_PATHS = "$(inherited) @executable_path/Frameworks";
				PRODUCT_BUNDLE_IDENTIFIER = net.timoliver.TONavigationBarExample;
				PRODUCT_NAME = "$(TARGET_NAME)";
				TARGETED_DEVICE_FAMILY = "1,2";
			};
			name = Debug;
		};
		222D3A75202175C10015D098 /* Release */ = {
			isa = XCBuildConfiguration;
			buildSettings = {
				ASSETCATALOG_COMPILER_APPICON_NAME = AppIcon;
				CODE_SIGN_STYLE = Automatic;
				DEVELOPMENT_TEAM = 6LF3GMKZAB;
				INFOPLIST_FILE = TONavigationBarExample/Info.plist;
				IPHONEOS_DEPLOYMENT_TARGET = 12.0;
				LD_RUNPATH_SEARCH_PATHS = "$(inherited) @executable_path/Frameworks";
				PRODUCT_BUNDLE_IDENTIFIER = net.timoliver.TONavigationBarExample;
				PRODUCT_NAME = "$(TARGET_NAME)";
				TARGETED_DEVICE_FAMILY = "1,2";
			};
			name = Release;
		};
/* End XCBuildConfiguration section */

/* Begin XCConfigurationList section */
		222D3A58202175C10015D098 /* Build configuration list for PBXProject "TONavigationBarExample" */ = {
			isa = XCConfigurationList;
			buildConfigurations = (
				222D3A71202175C10015D098 /* Debug */,
				222D3A72202175C10015D098 /* Release */,
			);
			defaultConfigurationIsVisible = 0;
			defaultConfigurationName = Release;
		};
		222D3A73202175C10015D098 /* Build configuration list for PBXNativeTarget "TONavigationBarExample" */ = {
			isa = XCConfigurationList;
			buildConfigurations = (
				222D3A74202175C10015D098 /* Debug */,
				222D3A75202175C10015D098 /* Release */,
			);
			defaultConfigurationIsVisible = 0;
			defaultConfigurationName = Release;
		};
/* End XCConfigurationList section */
	};
	rootObject = 222D3A55202175C10015D098 /* Project object */;
}
